PODS:
  - DownloadService (0.1.0):
    - SMG-HWIFileDownload
  - SMG-HWIFileDownload (3.4)

DEPENDENCIES:
  - DownloadService (from `../`)

SPEC REPOS:
  https://github.com/cocoapods/specs.git:
    - SMG-HWIFileDownload

EXTERNAL SOURCES:
  DownloadService:
    :path: "../"

SPEC CHECKSUMS:
  DownloadService: 0f08cd7d78400fbbcfde5e52a7e6e79ab494ad7d
  SMG-HWIFileDownload: aaa55ad211ad5d4a7c5822dad04d23e084152a6a

PODFILE CHECKSUM: 5e4d595c80116f3fe3b2cf0a8c1f549f7fae54ba

COCOAPODS: 1.5.3
