PODS:
  - DownloadService (0.1.0):
    - HWIFileDownload
  - HWIFileDownload (3.3)

DEPENDENCIES:
  - DownloadService (from `../`)
  - HWIFileDownload (from `https://github.com/SyrupMG/HWIFileDownload.git`, branch `feature/tvos-support`)

EXTERNAL SOURCES:
  DownloadService:
    :path: "../"
  HWIFileDownload:
    :branch: feature/tvos-support
    :git: https://github.com/SyrupMG/HWIFileDownload.git

CHECKOUT OPTIONS:
  HWIFileDownload:
    :commit: 0699855f0402fce1b580a169421611c7c9987baa
    :git: https://github.com/SyrupMG/HWIFileDownload.git

SPEC CHECKSUMS:
  DownloadService: 66d340f465c15a7174e69bdb40916c6c3e47a179
  HWIFileDownload: 91b4ea459861dc563688dc2970115d4d2ef1e205

PODFILE CHECKSUM: 4be5106a79c60ef4c8ad3e6a7286a1805bc23abf

COCOAPODS: 1.5.3
